{
  "version": 4,
  "terraform_version": "0.14.4",
  "serial": 136,
  "lineage": "7cbb2339-0401-92b8-b9a5-1f344c00a333",
  "outputs": {
    "database_password": {
      "value": "ZUofhbHiGyhWgBqv",
      "type": "string"
    },
    "database_uri": {
      "value": {
        "database": "defaultdb",
        "engine": "pg",
        "eviction_policy": null,
        "host": "postgres-cluster-do-user-10252188-0.b.db.ondigitalocean.com",
        "id": "9513b802-a9e4-404a-a3cc-79430ff37dfa",
        "maintenance_window": [],
        "name": "postgres-cluster",
        "node_count": 1,
        "password": "DwgNGjpYyFsci3xP",
        "port": 25060,
        "private_host": "private-postgres-cluster-do-user-10252188-0.b.db.ondigitalocean.com",
        "private_network_uuid": "48f3ef4c-2ac9-47dc-9308-c4ce67c34298",
        "private_uri": "postgresql://doadmin:DwgNGjpYyFsci3xP@private-postgres-cluster-do-user-10252188-0.b.db.ondigitalocean.com:25060/defaultdb?sslmode=require",
        "region": "ams3",
        "size": "db-s-1vcpu-1gb",
        "sql_mode": null,
        "tags": [],
        "timeouts": null,
        "uri": "postgresql://doadmin:DwgNGjpYyFsci3xP@postgres-cluster-do-user-10252188-0.b.db.ondigitalocean.com:25060/defaultdb?sslmode=require",
        "urn": "do:dbaas:9513b802-a9e4-404a-a3cc-79430ff37dfa",
        "user": "doadmin",
        "version": "12"
      },
      "type": [
        "object",
        {
          "database": "string",
          "engine": "string",
          "eviction_policy": "string",
          "host": "string",
          "id": "string",
          "maintenance_window": [
            "list",
            [
              "object",
              {
                "day": "string",
                "hour": "string"
              }
            ]
          ],
          "name": "string",
          "node_count": "number",
          "password": "string",
          "port": "number",
          "private_host": "string",
          "private_network_uuid": "string",
          "private_uri": "string",
          "region": "string",
          "size": "string",
          "sql_mode": "string",
          "tags": [
            "set",
            "string"
          ],
          "timeouts": [
            "object",
            {
              "create": "string"
            }
          ],
          "uri": "string",
          "urn": "string",
          "user": "string",
          "version": "string"
        }
      ]
    },
    "ip_do_droplet": {
      "value": [
        "104.248.92.253"
      ],
      "type": [
        "tuple",
        [
          "string"
        ]
      ]
    },
    "load_balancer_ip": {
      "value": "188.166.135.16",
      "type": "string"
    }
  },
  "resources": [
    {
      "mode": "managed",
      "type": "digitalocean_database_cluster",
      "name": "postgres",
      "provider": "provider[\"registry.terraform.io/digitalocean/digitalocean\"]",
      "instances": [
        {
          "schema_version": 0,
          "attributes": {
            "database": "defaultdb",
            "engine": "pg",
            "eviction_policy": null,
            "host": "postgres-cluster-do-user-10252188-0.b.db.ondigitalocean.com",
            "id": "9513b802-a9e4-404a-a3cc-79430ff37dfa",
            "maintenance_window": [],
            "name": "postgres-cluster",
            "node_count": 1,
            "password": "DwgNGjpYyFsci3xP",
            "port": 25060,
            "private_host": "private-postgres-cluster-do-user-10252188-0.b.db.ondigitalocean.com",
            "private_network_uuid": "48f3ef4c-2ac9-47dc-9308-c4ce67c34298",
            "private_uri": "postgresql://doadmin:DwgNGjpYyFsci3xP@private-postgres-cluster-do-user-10252188-0.b.db.ondigitalocean.com:25060/defaultdb?sslmode=require",
            "region": "ams3",
            "size": "db-s-1vcpu-1gb",
            "sql_mode": null,
            "tags": [],
            "timeouts": null,
            "uri": "postgresql://doadmin:DwgNGjpYyFsci3xP@postgres-cluster-do-user-10252188-0.b.db.ondigitalocean.com:25060/defaultdb?sslmode=require",
            "urn": "do:dbaas:9513b802-a9e4-404a-a3cc-79430ff37dfa",
            "user": "doadmin",
            "version": "12"
          },
          "sensitive_attributes": [],
          "private": "eyJlMmJmYjczMC1lY2FhLTExZTYtOGY4OC0zNDM2M2JjN2M0YzAiOnsiY3JlYXRlIjoxODAwMDAwMDAwMDAwfX0="
        }
      ]
    },
    {
      "mode": "managed",
      "type": "digitalocean_database_db",
      "name": "database",
      "provider": "provider[\"registry.terraform.io/digitalocean/digitalocean\"]",
      "instances": [
        {
          "schema_version": 0,
          "attributes": {
            "cluster_id": "9513b802-a9e4-404a-a3cc-79430ff37dfa",
            "id": "9513b802-a9e4-404a-a3cc-79430ff37dfa/database/limerick",
            "name": "limerick"
          },
          "sensitive_attributes": [],
          "private": "bnVsbA==",
          "dependencies": [
            "digitalocean_database_cluster.postgres"
          ]
        }
      ]
    },
    {
      "mode": "managed",
      "type": "digitalocean_database_user",
      "name": "username",
      "provider": "provider[\"registry.terraform.io/digitalocean/digitalocean\"]",
      "instances": [
        {
          "schema_version": 0,
          "attributes": {
            "cluster_id": "9513b802-a9e4-404a-a3cc-79430ff37dfa",
            "id": "9513b802-a9e4-404a-a3cc-79430ff37dfa/user/irlanda",
            "mysql_auth_plugin": null,
            "name": "irlanda",
            "password": "ZUofhbHiGyhWgBqv",
            "role": "normal"
          },
          "sensitive_attributes": [],
          "private": "bnVsbA==",
          "dependencies": [
            "digitalocean_database_cluster.postgres"
          ]
        }
      ]
    },
    {
      "mode": "managed",
      "type": "digitalocean_droplet",
      "name": "web",
      "provider": "provider[\"registry.terraform.io/digitalocean/digitalocean\"]",
      "instances": [
        {
          "index_key": 0,
          "schema_version": 1,
          "attributes": {
            "backups": false,
            "created_at": "2021-12-02T01:06:53Z",
            "disk": 25,
            "droplet_agent": null,
            "graceful_shutdown": false,
            "id": "276107006",
            "image": "ubuntu-18-04-x64",
            "ipv4_address": "104.248.92.253",
            "ipv4_address_private": "10.110.0.4",
            "ipv6": false,
            "ipv6_address": "",
            "locked": false,
            "memory": 1024,
            "monitoring": false,
            "name": "terraform",
            "price_hourly": 0.00744,
            "price_monthly": 5,
            "private_networking": true,
            "region": "ams3",
            "resize_disk": true,
            "size": "s-1vcpu-1gb",
            "ssh_keys": [
              "33:f3:1c:0d:cb:2c:ce:2e:f7:0a:7a:bf:f1:3a:83:fe",
              "8b:02:a2:ab:cb:e6:eb:2d:44:41:09:fa:b6:ea:68:3b"
            ],
            "status": "active",
            "tags": null,
            "urn": "do:droplet:276107006",
            "user_data": null,
            "vcpus": 1,
            "volume_ids": [],
            "vpc_uuid": "48f3ef4c-2ac9-47dc-9308-c4ce67c34298"
          },
          "sensitive_attributes": [],
          "private": "eyJzY2hlbWFfdmVyc2lvbiI6IjEifQ==",
          "create_before_destroy": true
        },
        {
          "index_key": 0,
          "status": "tainted",
          "deposed": "df4fb4e4",
          "schema_version": 1,
          "attributes": {
            "backups": false,
            "created_at": "2021-11-21T15:13:52Z",
            "disk": 25,
            "droplet_agent": null,
            "graceful_shutdown": false,
            "id": "274676536",
            "image": "ubuntu-18-04-x64",
            "ipv4_address": "164.90.201.161",
            "ipv4_address_private": "10.110.0.2",
            "ipv6": false,
            "ipv6_address": "",
            "locked": false,
            "memory": 1024,
            "monitoring": false,
            "name": "brasil",
            "price_hourly": 0.00744,
            "price_monthly": 5,
            "private_networking": true,
            "region": "ams3",
            "resize_disk": true,
            "size": "s-1vcpu-1gb",
            "ssh_keys": [
              "33:f3:1c:0d:cb:2c:ce:2e:f7:0a:7a:bf:f1:3a:83:fe",
              "8b:02:a2:ab:cb:e6:eb:2d:44:41:09:fa:b6:ea:68:3b"
            ],
            "status": "active",
            "tags": [],
            "urn": "do:droplet:274676536",
            "user_data": null,
            "vcpus": 1,
            "volume_ids": [],
            "vpc_uuid": "48f3ef4c-2ac9-47dc-9308-c4ce67c34298"
          },
          "sensitive_attributes": []
        }
      ]
    },
    {
      "mode": "managed",
      "type": "digitalocean_loadbalancer",
      "name": "public",
      "provider": "provider[\"registry.terraform.io/digitalocean/digitalocean\"]",
      "instances": [
        {
          "schema_version": 1,
          "attributes": {
            "algorithm": "round_robin",
            "disable_lets_encrypt_dns_records": false,
            "droplet_ids": [
              276107006
            ],
            "droplet_tag": "",
            "enable_backend_keepalive": false,
            "enable_proxy_protocol": false,
            "forwarding_rule": [
              {
                "certificate_id": "",
                "certificate_name": "",
                "entry_port": 80,
                "entry_protocol": "http",
                "target_port": 80,
                "target_protocol": "http",
                "tls_passthrough": false
              }
            ],
            "healthcheck": [
              {
                "check_interval_seconds": 10,
                "healthy_threshold": 5,
                "path": "",
                "port": 22,
                "protocol": "tcp",
                "response_timeout_seconds": 5,
                "unhealthy_threshold": 3
              }
            ],
            "id": "975286e5-d90a-4fcd-8f75-e305fce9a6a9",
            "ip": "188.166.135.16",
            "name": "hashicourse",
            "redirect_http_to_https": false,
            "region": "ams3",
            "size": null,
            "size_unit": 1,
            "status": "active",
            "sticky_sessions": [
              {
                "cookie_name": "",
                "cookie_ttl_seconds": 0,
                "type": "none"
              }
            ],
            "urn": "do:loadbalancer:975286e5-d90a-4fcd-8f75-e305fce9a6a9",
            "vpc_uuid": "48f3ef4c-2ac9-47dc-9308-c4ce67c34298"
          },
          "sensitive_attributes": [],
          "private": "eyJzY2hlbWFfdmVyc2lvbiI6IjEifQ==",
          "dependencies": [
            "digitalocean_droplet.web"
          ]
        }
      ]
    }
  ]
}
