{
  "version": 4,
  "terraform_version": "0.14.4",
  "serial": 54,
  "lineage": "e8e97245-3362-f622-8f16-c50a65e1b075",
  "outputs": {
    "database_password": {
      "value": "aXb7trkpn1ZUuvcN",
      "type": "string"
    },
    "database_uri": {
      "value": {
        "database": "defaultdb",
        "engine": "pg",
        "eviction_policy": null,
        "host": "postgres-cluster-do-user-10252188-0.b.db.ondigitalocean.com",
        "id": "e9055027-3c14-49b9-a90e-aa54cb611e06",
        "maintenance_window": [],
        "name": "postgres-cluster",
        "node_count": 1,
        "password": "KYnhf4HYSj2mz2zA",
        "port": 25060,
        "private_host": "private-postgres-cluster-do-user-10252188-0.b.db.ondigitalocean.com",
        "private_network_uuid": "48f3ef4c-2ac9-47dc-9308-c4ce67c34298",
        "private_uri": "postgresql://doadmin:KYnhf4HYSj2mz2zA@private-postgres-cluster-do-user-10252188-0.b.db.ondigitalocean.com:25060/defaultdb?sslmode=require",
        "region": "ams3",
        "size": "db-s-1vcpu-1gb",
        "sql_mode": null,
        "tags": [],
        "timeouts": null,
        "uri": "postgresql://doadmin:KYnhf4HYSj2mz2zA@postgres-cluster-do-user-10252188-0.b.db.ondigitalocean.com:25060/defaultdb?sslmode=require",
        "urn": "do:dbaas:e9055027-3c14-49b9-a90e-aa54cb611e06",
        "user": "doadmin",
        "version": "12"
      },
      "type": [
        "object",
        {
          "database": "string",
          "engine": "string",
          "eviction_policy": "string",
          "host": "string",
          "id": "string",
          "maintenance_window": [
            "list",
            [
              "object",
              {
                "day": "string",
                "hour": "string"
              }
            ]
          ],
          "name": "string",
          "node_count": "number",
          "password": "string",
          "port": "number",
          "private_host": "string",
          "private_network_uuid": "string",
          "private_uri": "string",
          "region": "string",
          "size": "string",
          "sql_mode": "string",
          "tags": [
            "set",
            "string"
          ],
          "timeouts": [
            "object",
            {
              "create": "string"
            }
          ],
          "uri": "string",
          "urn": "string",
          "user": "string",
          "version": "string"
        }
      ]
    },
    "ip_do_droplet": {
      "value": [
        "134.209.80.30"
      ],
      "type": [
        "tuple",
        [
          "string"
        ]
      ]
    },
    "load_balancer_ip": {
      "value": "206.189.242.82",
      "type": "string"
    }
  },
  "resources": [
    {
      "mode": "managed",
      "type": "digitalocean_database_cluster",
      "name": "postgres",
      "provider": "provider[\"registry.terraform.io/digitalocean/digitalocean\"]",
      "instances": [
        {
          "schema_version": 0,
          "attributes": {
            "database": "defaultdb",
            "engine": "pg",
            "eviction_policy": null,
            "host": "postgres-cluster-do-user-10252188-0.b.db.ondigitalocean.com",
            "id": "e9055027-3c14-49b9-a90e-aa54cb611e06",
            "maintenance_window": [],
            "name": "postgres-cluster",
            "node_count": 1,
            "password": "KYnhf4HYSj2mz2zA",
            "port": 25060,
            "private_host": "private-postgres-cluster-do-user-10252188-0.b.db.ondigitalocean.com",
            "private_network_uuid": "48f3ef4c-2ac9-47dc-9308-c4ce67c34298",
            "private_uri": "postgresql://doadmin:KYnhf4HYSj2mz2zA@private-postgres-cluster-do-user-10252188-0.b.db.ondigitalocean.com:25060/defaultdb?sslmode=require",
            "region": "ams3",
            "size": "db-s-1vcpu-1gb",
            "sql_mode": null,
            "tags": [],
            "timeouts": null,
            "uri": "postgresql://doadmin:KYnhf4HYSj2mz2zA@postgres-cluster-do-user-10252188-0.b.db.ondigitalocean.com:25060/defaultdb?sslmode=require",
            "urn": "do:dbaas:e9055027-3c14-49b9-a90e-aa54cb611e06",
            "user": "doadmin",
            "version": "12"
          },
          "sensitive_attributes": [],
          "private": "eyJlMmJmYjczMC1lY2FhLTExZTYtOGY4OC0zNDM2M2JjN2M0YzAiOnsiY3JlYXRlIjoxODAwMDAwMDAwMDAwfX0=",
          "create_before_destroy": true
        }
      ]
    },
    {
      "mode": "managed",
      "type": "digitalocean_database_db",
      "name": "database",
      "provider": "provider[\"registry.terraform.io/digitalocean/digitalocean\"]",
      "instances": [
        {
          "schema_version": 0,
          "attributes": {
            "cluster_id": "e9055027-3c14-49b9-a90e-aa54cb611e06",
            "id": "e9055027-3c14-49b9-a90e-aa54cb611e06/database/limerick",
            "name": "limerick"
          },
          "sensitive_attributes": [],
          "private": "bnVsbA==",
          "dependencies": [
            "digitalocean_database_cluster.postgres"
          ]
        }
      ]
    },
    {
      "mode": "managed",
      "type": "digitalocean_database_firewall",
      "name": "postgres_firewall",
      "provider": "provider[\"registry.terraform.io/digitalocean/digitalocean\"]",
      "instances": [
        {
          "schema_version": 0,
          "attributes": {
            "cluster_id": "e9055027-3c14-49b9-a90e-aa54cb611e06",
            "id": "e9055027-3c14-49b9-a90e-aa54cb611e06-20211212155424610200000001",
            "rule": [
              {
                "created_at": "2021-12-12T15:54:24Z",
                "type": "tag",
                "uuid": "b8140ff4-6334-47c8-96eb-bc1e5ff976b3",
                "value": "webserver"
              }
            ]
          },
          "sensitive_attributes": [],
          "private": "bnVsbA==",
          "dependencies": [
            "digitalocean_database_cluster.postgres"
          ]
        }
      ]
    },
    {
      "mode": "managed",
      "type": "digitalocean_database_user",
      "name": "username",
      "provider": "provider[\"registry.terraform.io/digitalocean/digitalocean\"]",
      "instances": [
        {
          "schema_version": 0,
          "attributes": {
            "cluster_id": "e9055027-3c14-49b9-a90e-aa54cb611e06",
            "id": "e9055027-3c14-49b9-a90e-aa54cb611e06/user/irlanda",
            "mysql_auth_plugin": null,
            "name": "irlanda",
            "password": "aXb7trkpn1ZUuvcN",
            "role": "normal"
          },
          "sensitive_attributes": [],
          "private": "bnVsbA==",
          "dependencies": [
            "digitalocean_database_cluster.postgres"
          ]
        }
      ]
    },
    {
      "mode": "managed",
      "type": "digitalocean_domain",
      "name": "subdomain",
      "provider": "provider[\"registry.terraform.io/digitalocean/digitalocean\"]",
      "instances": [
        {
          "schema_version": 0,
          "attributes": {
            "id": "terraform.adregis2.com",
            "ip_address": "206.189.242.82",
            "name": "terraform.adregis2.com",
            "ttl": 1800,
            "urn": "do:domain:terraform.adregis2.com"
          },
          "sensitive_attributes": [],
          "private": "bnVsbA==",
          "dependencies": [
            "digitalocean_database_cluster.postgres",
            "digitalocean_droplet.web",
            "digitalocean_loadbalancer.public"
          ]
        }
      ]
    },
    {
      "mode": "managed",
      "type": "digitalocean_droplet",
      "name": "web",
      "provider": "provider[\"registry.terraform.io/digitalocean/digitalocean\"]",
      "instances": [
        {
          "index_key": 0,
          "schema_version": 1,
          "attributes": {
            "backups": false,
            "created_at": "2021-12-12T15:46:51Z",
            "disk": 25,
            "droplet_agent": null,
            "graceful_shutdown": false,
            "id": "277567145",
            "image": "ubuntu-18-04-x64",
            "ipv4_address": "134.209.80.30",
            "ipv4_address_private": "10.110.0.3",
            "ipv6": false,
            "ipv6_address": "",
            "locked": false,
            "memory": 1024,
            "monitoring": false,
            "name": "terraform",
            "price_hourly": 0.00744,
            "price_monthly": 5,
            "private_networking": true,
            "region": "ams3",
            "resize_disk": true,
            "size": "s-1vcpu-1gb",
            "ssh_keys": [
              "33:f3:1c:0d:cb:2c:ce:2e:f7:0a:7a:bf:f1:3a:83:fe",
              "8b:02:a2:ab:cb:e6:eb:2d:44:41:09:fa:b6:ea:68:3b"
            ],
            "status": "active",
            "tags": [
              "webserver"
            ],
            "urn": "do:droplet:277567145",
            "user_data": null,
            "vcpus": 1,
            "volume_ids": [],
            "vpc_uuid": "48f3ef4c-2ac9-47dc-9308-c4ce67c34298"
          },
          "sensitive_attributes": [],
          "private": "eyJzY2hlbWFfdmVyc2lvbiI6IjEifQ==",
          "dependencies": [
            "digitalocean_database_cluster.postgres"
          ],
          "create_before_destroy": true
        }
      ]
    },
    {
      "mode": "managed",
      "type": "digitalocean_firewall",
      "name": "web",
      "provider": "provider[\"registry.terraform.io/digitalocean/digitalocean\"]",
      "instances": [
        {
          "schema_version": 0,
          "attributes": {
            "created_at": "2021-12-12T15:51:26Z",
            "droplet_ids": [
              277567145
            ],
            "id": "dbcbe33c-0a59-4312-a104-29a299907e30",
            "inbound_rule": [
              {
                "port_range": "22",
                "protocol": "tcp",
                "source_addresses": [],
                "source_droplet_ids": [],
                "source_kubernetes_ids": [],
                "source_load_balancer_uids": [
                  "d0d22330-54aa-4aaa-848d-a8f3f28bf051"
                ],
                "source_tags": []
              },
              {
                "port_range": "22",
                "protocol": "tcp",
                "source_addresses": [],
                "source_droplet_ids": [],
                "source_kubernetes_ids": [],
                "source_load_balancer_uids": [],
                "source_tags": []
              },
              {
                "port_range": "80",
                "protocol": "tcp",
                "source_addresses": [],
                "source_droplet_ids": [],
                "source_kubernetes_ids": [],
                "source_load_balancer_uids": [
                  "d0d22330-54aa-4aaa-848d-a8f3f28bf051"
                ],
                "source_tags": []
              }
            ],
            "name": "braum",
            "outbound_rule": [
              {
                "destination_addresses": [
                  "0.0.0.0/0",
                  "::/0"
                ],
                "destination_droplet_ids": [],
                "destination_kubernetes_ids": [],
                "destination_load_balancer_uids": [],
                "destination_tags": [],
                "port_range": "1-65535",
                "protocol": "tcp"
              },
              {
                "destination_addresses": [
                  "0.0.0.0/0",
                  "::/0"
                ],
                "destination_droplet_ids": [],
                "destination_kubernetes_ids": [],
                "destination_load_balancer_uids": [],
                "destination_tags": [],
                "port_range": "1-65535",
                "protocol": "udp"
              }
            ],
            "pending_changes": [],
            "status": "succeeded",
            "tags": []
          },
          "sensitive_attributes": [],
          "private": "bnVsbA==",
          "dependencies": [
            "digitalocean_database_cluster.postgres",
            "digitalocean_droplet.web",
            "digitalocean_loadbalancer.public"
          ]
        }
      ]
    },
    {
      "mode": "managed",
      "type": "digitalocean_loadbalancer",
      "name": "public",
      "provider": "provider[\"registry.terraform.io/digitalocean/digitalocean\"]",
      "instances": [
        {
          "schema_version": 1,
          "attributes": {
            "algorithm": "round_robin",
            "disable_lets_encrypt_dns_records": false,
            "droplet_ids": [
              277567145
            ],
            "droplet_tag": "",
            "enable_backend_keepalive": false,
            "enable_proxy_protocol": false,
            "forwarding_rule": [
              {
                "certificate_id": "",
                "certificate_name": "",
                "entry_port": 80,
                "entry_protocol": "http",
                "target_port": 80,
                "target_protocol": "http",
                "tls_passthrough": false
              }
            ],
            "healthcheck": [
              {
                "check_interval_seconds": 10,
                "healthy_threshold": 5,
                "path": "",
                "port": 22,
                "protocol": "tcp",
                "response_timeout_seconds": 5,
                "unhealthy_threshold": 3
              }
            ],
            "id": "d0d22330-54aa-4aaa-848d-a8f3f28bf051",
            "ip": "206.189.242.82",
            "name": "hashicourse",
            "redirect_http_to_https": false,
            "region": "ams3",
            "size": null,
            "size_unit": 1,
            "status": "active",
            "sticky_sessions": [
              {
                "cookie_name": "",
                "cookie_ttl_seconds": 0,
                "type": "none"
              }
            ],
            "urn": "do:loadbalancer:d0d22330-54aa-4aaa-848d-a8f3f28bf051",
            "vpc_uuid": "48f3ef4c-2ac9-47dc-9308-c4ce67c34298"
          },
          "sensitive_attributes": [],
          "private": "eyJzY2hlbWFfdmVyc2lvbiI6IjEifQ==",
          "dependencies": [
            "digitalocean_database_cluster.postgres",
            "digitalocean_droplet.web"
          ]
        }
      ]
    }
  ]
}
